
Microsoft Visual Studio Solution File, Format Version 12.00
# Visual Studio Version 16
VisualStudioVersion = 16.0.31313.79
MinimumVisualStudioVersion = 10.0.40219.1
Project("{FAE04EC0-301F-11D3-BF4B-00C04F79EFBC}") = "Ex03.GarageLogic", "Ex03.GarageLogic\Ex03.GarageLogic.csproj", "{0137CE2B-BA91-4610-9EEE-D3FED0058DBF}"
EndProject
Project("{FAE04EC0-301F-11D3-BF4B-00C04F79EFBC}") = "Ex03.ConsoleUI", "Ex03.ConsoleUI\Ex03.ConsoleUI.csproj", "{6E3C0BF0-699F-439D-890A-19A1685390A3}"
EndProject
Global
	GlobalSection(SolutionConfigurationPlatforms) = preSolution
		Debug|Any CPU = Debug|Any CPU
		Release|Any CPU = Release|Any CPU
	EndGlobalSection
	GlobalSection(ProjectConfigurationPlatforms) = postSolution
		{0137CE2B-BA91-4610-9EEE-D3FED0058DBF}.Debug|Any CPU.ActiveCfg = Debug|Any CPU
		{0137CE2B-BA91-4610-9EEE-D3FED0058DBF}.Debug|Any CPU.Build.0 = Debug|Any CPU
		{0137CE2B-BA91-4610-9EEE-D3FED0058DBF}.Release|Any CPU.ActiveCfg = Release|Any CPU
		{0137CE2B-BA91-4610-9EEE-D3FED0058DBF}.Release|Any CPU.Build.0 = Release|Any CPU
		{6E3C0BF0-699F-439D-890A-19A1685390A3}.Debug|Any CPU.ActiveCfg = Debug|Any CPU
		{6E3C0BF0-699F-439D-890A-19A1685390A3}.Debug|Any CPU.Build.0 = Debug|Any CPU
		{6E3C0BF0-699F-439D-890A-19A1685390A3}.Release|Any CPU.ActiveCfg = Release|Any CPU
		{6E3C0BF0-699F-439D-890A-19A1685390A3}.Release|Any CPU.Build.0 = Release|Any CPU
	EndGlobalSection
	GlobalSection(SolutionProperties) = preSolution
		HideSolutionNode = FALSE
	EndGlobalSection
	GlobalSection(ExtensibilityGlobals) = postSolution
		SolutionGuid = {7138A481-BBC8-4A94-B674-C721CCCC4BED}
	EndGlobalSection
EndGlobal
